
Microsoft Visual Studio Solution File, Format Version 12.00
# Visual Studio 15
VisualStudioVersion = 15.0.27703.2035
MinimumVisualStudioVersion = 10.0.40219.1
Project("{9A19103F-16F7-4668-BE54-9A1E7A4F7556}") = "InterviewApp.UI", "InterviewApp.UI\InterviewApp.UI\InterviewApp.UI.csproj", "{2A6E0EBA-3E2D-4CA8-A802-7EBF8428105D}"
EndProject
Project("{9A19103F-16F7-4668-BE54-9A1E7A4F7556}") = "InterviewApp.Service", "InterviewApp.Service\InterviewApp.Service.csproj", "{7AB233F6-7B29-4270-9388-6068A1250DAF}"
EndProject
Project("{FAE04EC0-301F-11D3-BF4B-00C04F79EFBC}") = "InterviewApp.Data", "InterviewApp.Data\InterviewApp.Data.csproj", "{0C692D12-94CF-4A7A-A9D8-D5C9C3CC75A5}"
EndProject
Global
	GlobalSection(SolutionConfigurationPlatforms) = preSolution
		Debug|Any CPU = Debug|Any CPU
		Release|Any CPU = Release|Any CPU
	EndGlobalSection
	GlobalSection(ProjectConfigurationPlatforms) = postSolution
		{2A6E0EBA-3E2D-4CA8-A802-7EBF8428105D}.Debug|Any CPU.ActiveCfg = Debug|Any CPU
		{2A6E0EBA-3E2D-4CA8-A802-7EBF8428105D}.Debug|Any CPU.Build.0 = Debug|Any CPU
		{2A6E0EBA-3E2D-4CA8-A802-7EBF8428105D}.Release|Any CPU.ActiveCfg = Release|Any CPU
		{2A6E0EBA-3E2D-4CA8-A802-7EBF8428105D}.Release|Any CPU.Build.0 = Release|Any CPU
		{7AB233F6-7B29-4270-9388-6068A1250DAF}.Debug|Any CPU.ActiveCfg = Debug|Any CPU
		{7AB233F6-7B29-4270-9388-6068A1250DAF}.Debug|Any CPU.Build.0 = Debug|Any CPU
		{7AB233F6-7B29-4270-9388-6068A1250DAF}.Release|Any CPU.ActiveCfg = Release|Any CPU
		{7AB233F6-7B29-4270-9388-6068A1250DAF}.Release|Any CPU.Build.0 = Release|Any CPU
		{0C692D12-94CF-4A7A-A9D8-D5C9C3CC75A5}.Debug|Any CPU.ActiveCfg = Debug|Any CPU
		{0C692D12-94CF-4A7A-A9D8-D5C9C3CC75A5}.Debug|Any CPU.Build.0 = Debug|Any CPU
		{0C692D12-94CF-4A7A-A9D8-D5C9C3CC75A5}.Release|Any CPU.ActiveCfg = Release|Any CPU
		{0C692D12-94CF-4A7A-A9D8-D5C9C3CC75A5}.Release|Any CPU.Build.0 = Release|Any CPU
	EndGlobalSection
	GlobalSection(SolutionProperties) = preSolution
		HideSolutionNode = FALSE
	EndGlobalSection
	GlobalSection(ExtensibilityGlobals) = postSolution
		SolutionGuid = {0FC51CBB-390D-48F0-9C85-C9C6F66BBE44}
	EndGlobalSection
EndGlobal
